<?xml version="1.0" encoding="utf-8"?>
<Project ToolsVersion="4.0" xmlns="http://schemas.microsoft.com/developer/msbuild/2003">
  <ItemGroup>
    <Filter Include="Source Files">
      <UniqueIdentifier>{4FC737F1-C7A5-4376-A066-2A32D752A2FF}</UniqueIdentifier>
      <Extensions>cpp;c;cc;cxx;c++;cppm;ixx;def;odl;idl;hpj;bat;asm;asmx</Extensions>
    </Filter>
    <Filter Include="Header Files">
      <UniqueIdentifier>{93995380-89BD-4b04-88EB-625FBE52EBFB}</UniqueIdentifier>
      <Extensions>h;hh;hpp;hxx;h++;hm;inl;inc;ipp;xsd</Extensions>
    </Filter>
    <Filter Include="Resource Files">
      <UniqueIdentifier>{67DA6AB6-F800-4c08-8B7A-83BB121AAD01}</UniqueIdentifier>
      <Extensions>rc;ico;cur;bmp;dlg;rc2;rct;bin;rgs;gif;jpg;jpeg;jpe;resx;tiff;tif;png;wav;mfcribbon-ms</Extensions>
    </Filter>
    <Filter Include="Source Files\DBConnect">
      <UniqueIdentifier>{7a4fbf7a-c335-4900-89bd-31a6bd3a6fa9}</UniqueIdentifier>
    </Filter>
    <Filter Include="Header Files\DBConnect">
      <UniqueIdentifier>{abcba0ad-f9ba-4ef4-bda3-ceec1b6d2d6d}</UniqueIdentifier>
    </Filter>
  </ItemGroup>
  <ItemGroup>
    <ClInclude Include="DoctorAppointment.h">
      <Filter>Header Files</Filter>
    </ClInclude>
    <ClInclude Include="DoctorAppointmentDlg.h">
      <Filter>Header Files</Filter>
    </ClInclude>
    <ClInclude Include="framework.h">
      <Filter>Header Files</Filter>
    </ClInclude>
    <ClInclude Include="targetver.h">
      <Filter>Header Files</Filter>
    </ClInclude>
    <ClInclude Include="Resource.h">
      <Filter>Header Files</Filter>
    </ClInclude>
    <ClInclude Include="pch.h">
      <Filter>Header Files</Filter>
    </ClInclude>
    <ClInclude Include="CLoginDlg.h">
      <Filter>Header Files</Filter>
    </ClInclude>
    <ClInclude Include="CUserLogin.h">
      <Filter>Header Files</Filter>
    </ClInclude>
    <ClInclude Include="CTabDashboard.h">
      <Filter>Header Files</Filter>
    </ClInclude>
    <ClInclude Include="CTabDoctors.h">
      <Filter>Header Files</Filter>
    </ClInclude>
    <ClInclude Include="CTabSchedule.h">
      <Filter>Header Files</Filter>
    </ClInclude>
    <ClInclude Include="CTabAppointment.h">
      <Filter>Header Files</Filter>
    </ClInclude>
    <ClInclude Include="CTabPatient.h">
      <Filter>Header Files</Filter>
    </ClInclude>
    <ClInclude Include="CAddDoctorsDlg.h">
      <Filter>Header Files</Filter>
    </ClInclude>
    <ClInclude Include="CDoctorsDetails.h">
      <Filter>Header Files</Filter>
    </ClInclude>
    <ClInclude Include="CDatabaseConnect.h">
      <Filter>Header Files\DBConnect</Filter>
    </ClInclude>
    <ClInclude Include="CAddPatientDlg.h">
      <Filter>Header Files</Filter>
    </ClInclude>
    <ClInclude Include="CPatientsDetails.h">
      <Filter>Header Files</Filter>
    </ClInclude>
  </ItemGroup>
  <ItemGroup>
    <ClCompile Include="DoctorAppointment.cpp">
      <Filter>Source Files</Filter>
    </ClCompile>
    <ClCompile Include="DoctorAppointmentDlg.cpp">
      <Filter>Source Files</Filter>
    </ClCompile>
    <ClCompile Include="pch.cpp">
      <Filter>Source Files</Filter>
    </ClCompile>
    <ClCompile Include="CLoginDlg.cpp">
      <Filter>Source Files</Filter>
    </ClCompile>
    <ClCompile Include="CUserLogin.cpp">
      <Filter>Source Files</Filter>
    </ClCompile>
    <ClCompile Include="CTabDashboard.cpp">
      <Filter>Source Files</Filter>
    </ClCompile>
    <ClCompile Include="CTabDoctors.cpp">
      <Filter>Source Files</Filter>
    </ClCompile>
    <ClCompile Include="CTabSchedule.cpp">
      <Filter>Source Files</Filter>
    </ClCompile>
    <ClCompile Include="CTabAppointment.cpp">
      <Filter>Source Files</Filter>
    </ClCompile>
    <ClCompile Include="CTabPatient.cpp">
      <Filter>Source Files</Filter>
    </ClCompile>
    <ClCompile Include="CAddDoctorsDlg.cpp">
      <Filter>Source Files</Filter>
    </ClCompile>
    <ClCompile Include="CDoctorsDetails.cpp">
      <Filter>Source Files</Filter>
    </ClCompile>
    <ClCompile Include="CDatabaseConnect.cpp">
      <Filter>Source Files\DBConnect</Filter>
    </ClCompile>
    <ClCompile Include="CAddPatientDlg.cpp">
      <Filter>Source Files</Filter>
    </ClCompile>
    <ClCompile Include="CPatientsDetails.cpp">
      <Filter>Source Files</Filter>
    </ClCompile>
  </ItemGroup>
  <ItemGroup>
    <ResourceCompile Include="DoctorAppointment.rc">
      <Filter>Resource Files</Filter>
    </ResourceCompile>
  </ItemGroup>
  <ItemGroup>
    <None Include="res\DoctorAppointment.rc2">
      <Filter>Resource Files</Filter>
    </None>
    <None Include="ClassDiagram.cd" />
    <None Include="ClassDiagram1.cd" />
  </ItemGroup>
  <ItemGroup>
    <Image Include="res\DoctorAppointment.ico">
      <Filter>Resource Files</Filter>
    </Image>
  </ItemGroup>
</Project>